
Microsoft Visual Studio Solution File, Format Version 12.00
# Visual Studio Version 17
VisualStudioVersion = 17.11.35327.3
MinimumVisualStudioVersion = 10.0.40219.1
Project("{FAE04EC0-301F-11D3-BF4B-00C04F79EFBC}") = "Iterator", "Iterator\Iterator.csproj", "{C87D6D3E-B525-4573-8F24-093B0BF87763}"
EndProject
Global
	GlobalSection(SolutionConfigurationPlatforms) = preSolution
		Debug|Any CPU = Debug|Any CPU
		Release|Any CPU = Release|Any CPU
	EndGlobalSection
	GlobalSection(ProjectConfigurationPlatforms) = postSolution
		{C87D6D3E-B525-4573-8F24-093B0BF87763}.Debug|Any CPU.ActiveCfg = Debug|Any CPU
		{C87D6D3E-B525-4573-8F24-093B0BF87763}.Debug|Any CPU.Build.0 = Debug|Any CPU
		{C87D6D3E-B525-4573-8F24-093B0BF87763}.Release|Any CPU.ActiveCfg = Release|Any CPU
		{C87D6D3E-B525-4573-8F24-093B0BF87763}.Release|Any CPU.Build.0 = Release|Any CPU
	EndGlobalSection
	GlobalSection(SolutionProperties) = preSolution
		HideSolutionNode = FALSE
	EndGlobalSection
	GlobalSection(ExtensibilityGlobals) = postSolution
		SolutionGuid = {9B48CC89-15AD-4CC3-AFD8-102CBD1A49D7}
	EndGlobalSection
EndGlobal
